
Microsoft Visual Studio Solution File, Format Version 12.00
# Visual Studio Version 16
VisualStudioVersion = 16.0.30204.135
MinimumVisualStudioVersion = 10.0.40219.1
Project("{FAE04EC0-301F-11D3-BF4B-00C04F79EFBC}") = "YcubeSimUDP", "YcubeSimUDP\YcubeSimUDP.csproj", "{0EC1F4F5-D69B-4437-9BD6-1162650CB546}"
EndProject
Global
	GlobalSection(SolutionConfigurationPlatforms) = preSolution
		Debug|Any CPU = Debug|Any CPU
		Release|Any CPU = Release|Any CPU
	EndGlobalSection
	GlobalSection(ProjectConfigurationPlatforms) = postSolution
		{0EC1F4F5-D69B-4437-9BD6-1162650CB546}.Debug|Any CPU.ActiveCfg = Debug|Any CPU
		{0EC1F4F5-D69B-4437-9BD6-1162650CB546}.Debug|Any CPU.Build.0 = Debug|Any CPU
		{0EC1F4F5-D69B-4437-9BD6-1162650CB546}.Release|Any CPU.ActiveCfg = Release|Any CPU
		{0EC1F4F5-D69B-4437-9BD6-1162650CB546}.Release|Any CPU.Build.0 = Release|Any CPU
	EndGlobalSection
	GlobalSection(SolutionProperties) = preSolution
		HideSolutionNode = FALSE
	EndGlobalSection
	GlobalSection(ExtensibilityGlobals) = postSolution
		SolutionGuid = {D53B3D5C-0717-4140-BA22-DD568A98F497}
	EndGlobalSection
EndGlobal
